
Microsoft Visual Studio Solution File, Format Version 12.00
# Visual Studio Version 17
VisualStudioVersion = 17.7.34024.191
MinimumVisualStudioVersion = 10.0.40219.1
Project("{9A19103F-16F7-4668-BE54-9A1E7A4F7556}") = "Producor Web API", "Producor Web API.csproj", "{FAB76109-5507-491E-A8A4-EDC77CAF9D7C}"
EndProject
Project("{9A19103F-16F7-4668-BE54-9A1E7A4F7556}") = "RabbitMqConsumerConsoleapp", "..\RabbitMqConsumerConsoleapp\RabbitMqConsumerConsoleapp.csproj", "{5B2D951E-5AB3-4CE1-9AD9-1703214B4449}"
EndProject
Global
	GlobalSection(SolutionConfigurationPlatforms) = preSolution
		Debug|Any CPU = Debug|Any CPU
		Release|Any CPU = Release|Any CPU
	EndGlobalSection
	GlobalSection(ProjectConfigurationPlatforms) = postSolution
		{FAB76109-5507-491E-A8A4-EDC77CAF9D7C}.Debug|Any CPU.ActiveCfg = Debug|Any CPU
		{FAB76109-5507-491E-A8A4-EDC77CAF9D7C}.Debug|Any CPU.Build.0 = Debug|Any CPU
		{FAB76109-5507-491E-A8A4-EDC77CAF9D7C}.Release|Any CPU.ActiveCfg = Release|Any CPU
		{FAB76109-5507-491E-A8A4-EDC77CAF9D7C}.Release|Any CPU.Build.0 = Release|Any CPU
		{5B2D951E-5AB3-4CE1-9AD9-1703214B4449}.Debug|Any CPU.ActiveCfg = Debug|Any CPU
		{5B2D951E-5AB3-4CE1-9AD9-1703214B4449}.Debug|Any CPU.Build.0 = Debug|Any CPU
		{5B2D951E-5AB3-4CE1-9AD9-1703214B4449}.Release|Any CPU.ActiveCfg = Release|Any CPU
		{5B2D951E-5AB3-4CE1-9AD9-1703214B4449}.Release|Any CPU.Build.0 = Release|Any CPU
	EndGlobalSection
	GlobalSection(SolutionProperties) = preSolution
		HideSolutionNode = FALSE
	EndGlobalSection
	GlobalSection(ExtensibilityGlobals) = postSolution
		SolutionGuid = {C26599E4-DC8C-41FE-94C1-8E4ED453D7A2}
	EndGlobalSection
EndGlobal
